// !$*UTF8*$!
{
	archiveVersion = 1;
	classes = {
	};
	objectVersion = 50;
	objects = {

/* Begin PBXBuildFile section */
		EE77AB622144D91200A4F960 /* resultViewController.swift in Sources */ = {isa = PBXBuildFile; fileRef = EE77AB612144D91200A4F960 /* resultViewController.swift */; };
		EE854C232138E61B00267430 /* AppDelegate.swift in Sources */ = {isa = PBXBuildFile; fileRef = EE854C222138E61B00267430 /* AppDelegate.swift */; };
		EE854C252138E61B00267430 /* ViewController.swift in Sources */ = {isa = PBXBuildFile; fileRef = EE854C242138E61B00267430 /* ViewController.swift */; };
		EE854C282138E61B00267430 /* Main.storyboard in Resources */ = {isa = PBXBuildFile; fileRef = EE854C262138E61B00267430 /* Main.storyboard */; };
		EE854C2A2138E61D00267430 /* Assets.xcassets in Resources */ = {isa = PBXBuildFile; fileRef = EE854C292138E61D00267430 /* Assets.xcassets */; };
		EE854C2D2138E61D00267430 /* LaunchScreen.storyboard in Resources */ = {isa = PBXBuildFile; fileRef = EE854C2B2138E61D00267430 /* LaunchScreen.storyboard */; };
		EE854C382138E61D00267430 /* QuizTests.swift in Sources */ = {isa = PBXBuildFile; fileRef = EE854C372138E61D00267430 /* QuizTests.swift */; };
		EE854C432138E61D00267430 /* QuizUITests.swift in Sources */ = {isa = PBXBuildFile; fileRef = EE854C422138E61D00267430 /* QuizUITests.swift */; };
		EE854C512138E66400267430 /* QuizViewController.swift in Sources */ = {isa = PBXBuildFile; fileRef = EE854C502138E66400267430 /* QuizViewController.swift */; };
/* End PBXBuildFile section */

/* Begin PBXContainerItemProxy section */
		EE854C342138E61D00267430 /* PBXContainerItemProxy */ = {
			isa = PBXContainerItemProxy;
			containerPortal = EE854C172138E61B00267430 /* Project object */;
			proxyType = 1;
			remoteGlobalIDString = EE854C1E2138E61B00267430;
			remoteInfo = Quiz;
		};
		EE854C3F2138E61D00267430 /* PBXContainerItemProxy */ = {
			isa = PBXContainerItemProxy;
			containerPortal = EE854C172138E61B00267430 /* Project object */;
			proxyType = 1;
			remoteGlobalIDString = EE854C1E2138E61B00267430;
			remoteInfo = Quiz;
		};
/* End PBXContainerItemProxy section */

/* Begin PBXFileReference section */
		EE77AB612144D91200A4F960 /* resultViewController.swift */ = {isa = PBXFileReference; lastKnownFileType = sourcecode.swift; path = resultViewController.swift; sourceTree = "<group>"; };
		EE854C1F2138E61B00267430 /* Quiz.app */ = {isa = PBXFileReference; explicitFileType = wrapper.application; includeInIndex = 0; path = Quiz.app; sourceTree = BUILT_PRODUCTS_DIR; };
		EE854C222138E61B00267430 /* AppDelegate.swift */ = {isa = PBXFileReference; lastKnownFileType = sourcecode.swift; path = AppDelegate.swift; sourceTree = "<group>"; };
		EE854C242138E61B00267430 /* ViewController.swift */ = {isa = PBXFileReference; lastKnownFileType = sourcecode.swift; path = ViewController.swift; sourceTree = "<group>"; };
		EE854C272138E61B00267430 /* Base */ = {isa = PBXFileReference; lastKnownFileType = file.storyboard; name = Base; path = Base.lproj/Main.storyboard; sourceTree = "<group>"; };
		EE854C292138E61D00267430 /* Assets.xcassets */ = {isa = PBXFileReference; lastKnownFileType = folder.assetcatalog; path = Assets.xcassets; sourceTree = "<group>"; };
		EE854C2C2138E61D00267430 /* Base */ = {isa = PBXFileReference; lastKnownFileType = file.storyboard; name = Base; path = Base.lproj/LaunchScreen.storyboard; sourceTree = "<group>"; };
		EE854C2E2138E61D00267430 /* Info.plist */ = {isa = PBXFileReference; lastKnownFileType = text.plist.xml; path = Info.plist; sourceTree = "<group>"; };
		EE854C332138E61D00267430 /* QuizTests.xctest */ = {isa = PBXFileReference; explicitFileType = wrapper.cfbundle; includeInIndex = 0; path = QuizTests.xctest; sourceTree = BUILT_PRODUCTS_DIR; };
		EE854C372138E61D00267430 /* QuizTests.swift */ = {isa = PBXFileReference; lastKnownFileType = sourcecode.swift; path = QuizTests.swift; sourceTree = "<group>"; };
		EE854C392138E61D00267430 /* Info.plist */ = {isa = PBXFileReference; lastKnownFileType = text.plist.xml; path = Info.plist; sourceTree = "<group>"; };
		EE854C3E2138E61D00267430 /* QuizUITests.xctest */ = {isa = PBXFileReference; explicitFileType = wrapper.cfbundle; includeInIndex = 0; path = QuizUITests.xctest; sourceTree = BUILT_PRODUCTS_DIR; };
		EE854C422138E61D00267430 /* QuizUITests.swift */ = {isa = PBXFileReference; lastKnownFileType = sourcecode.swift; path = QuizUITests.swift; sourceTree = "<group>"; };
		EE854C442138E61D00267430 /* Info.plist */ = {isa = PBXFileReference; lastKnownFileType = text.plist.xml; path = Info.plist; sourceTree = "<group>"; };
		EE854C502138E66400267430 /* QuizViewController.swift */ = {isa = PBXFileReference; lastKnownFileType = sourcecode.swift; path = QuizViewController.swift; sourceTree = "<group>"; };
/* End PBXFileReference section */

/* Begin PBXFrameworksBuildPhase section */
		EE854C1C2138E61B00267430 /* Frameworks */ = {
			isa = PBXFrameworksBuildPhase;
			buildActionMask = 2147483647;
			files = (
			);
			runOnlyForDeploymentPostprocessing = 0;
		};
		EE854C302138E61D00267430 /* Frameworks */ = {
			isa = PBXFrameworksBuildPhase;
			buildActionMask = 2147483647;
			files = (
			);
			runOnlyForDeploymentPostprocessing = 0;
		};
		EE854C3B2138E61D00267430 /* Frameworks */ = {
			isa = PBXFrameworksBuildPhase;
			buildActionMask = 2147483647;
			files = (
			);
			runOnlyForDeploymentPostprocessing = 0;
		};
/* End PBXFrameworksBuildPhase section */

/* Begin PBXGroup section */
		EE854C162138E61B00267430 = {
			isa = PBXGroup;
			children = (
				EE854C212138E61B00267430 /* Quiz */,
				EE854C362138E61D00267430 /* QuizTests */,
				EE854C412138E61D00267430 /* QuizUITests */,
				EE854C202138E61B00267430 /* Products */,
			);
			sourceTree = "<group>";
		};
		EE854C202138E61B00267430 /* Products */ = {
			isa = PBXGroup;
			children = (
				EE854C1F2138E61B00267430 /* Quiz.app */,
				EE854C332138E61D00267430 /* QuizTests.xctest */,
				EE854C3E2138E61D00267430 /* QuizUITests.xctest */,
			);
			name = Products;
			sourceTree = "<group>";
		};
		EE854C212138E61B00267430 /* Quiz */ = {
			isa = PBXGroup;
			children = (
				EE854C222138E61B00267430 /* AppDelegate.swift */,
				EE854C242138E61B00267430 /* ViewController.swift */,
				EE854C262138E61B00267430 /* Main.storyboard */,
				EE854C292138E61D00267430 /* Assets.xcassets */,
				EE854C2B2138E61D00267430 /* LaunchScreen.storyboard */,
				EE854C2E2138E61D00267430 /* Info.plist */,
				EE854C502138E66400267430 /* QuizViewController.swift */,
				EE77AB612144D91200A4F960 /* resultViewController.swift */,
			);
			path = Quiz;
			sourceTree = "<group>";
		};
		EE854C362138E61D00267430 /* QuizTests */ = {
			isa = PBXGroup;
			children = (
				EE854C372138E61D00267430 /* QuizTests.swift */,
				EE854C392138E61D00267430 /* Info.plist */,
			);
			path = QuizTests;
			sourceTree = "<group>";
		};
		EE854C412138E61D00267430 /* QuizUITests */ = {
			isa = PBXGroup;
			children = (
				EE854C422138E61D00267430 /* QuizUITests.swift */,
				EE854C442138E61D00267430 /* Info.plist */,
			);
			path = QuizUITests;
			sourceTree = "<group>";
		};
/* End PBXGroup section */

/* Begin PBXNativeTarget section */
		EE854C1E2138E61B00267430 /* Quiz */ = {
			isa = PBXNativeTarget;
			buildConfigurationList = EE854C472138E61D00267430 /* Build configuration list for PBXNativeTarget "Quiz" */;
			buildPhases = (
				EE854C1B2138E61B00267430 /* Sources */,
				EE854C1C2138E61B00267430 /* Frameworks */,
				EE854C1D2138E61B00267430 /* Resources */,
			);
			buildRules = (
			);
			dependencies = (
			);
			name = Quiz;
			productName = Quiz;
			productReference = EE854C1F2138E61B00267430 /* Quiz.app */;
			productType = "com.apple.product-type.application";
		};
		EE854C322138E61D00267430 /* QuizTests */ = {
			isa = PBXNativeTarget;
			buildConfigurationList = EE854C4A2138E61D00267430 /* Build configuration list for PBXNativeTarget "QuizTests" */;
			buildPhases = (
				EE854C2F2138E61D00267430 /* Sources */,
				EE854C302138E61D00267430 /* Frameworks */,
				EE854C312138E61D00267430 /* Resources */,
			);
			buildRules = (
			);
			dependencies = (
				EE854C352138E61D00267430 /* PBXTargetDependency */,
			);
			name = QuizTests;
			productName = QuizTests;
			productReference = EE854C332138E61D00267430 /* QuizTests.xctest */;
			productType = "com.apple.product-type.bundle.unit-test";
		};
		EE854C3D2138E61D00267430 /* QuizUITests */ = {
			isa = PBXNativeTarget;
			buildConfigurationList = EE854C4D2138E61D00267430 /* Build configuration list for PBXNativeTarget "QuizUITests" */;
			buildPhases = (
				EE854C3A2138E61D00267430 /* Sources */,
				EE854C3B2138E61D00267430 /* Frameworks */,
				EE854C3C2138E61D00267430 /* Resources */,
			);
			buildRules = (
			);
			dependencies = (
				EE854C402138E61D00267430 /* PBXTargetDependency */,
			);
			name = QuizUITests;
			productName = QuizUITests;
			productReference = EE854C3E2138E61D00267430 /* QuizUITests.xctest */;
			productType = "com.apple.product-type.bundle.ui-testing";
		};
/* End PBXNativeTarget section */

/* Begin PBXProject section */
		EE854C172138E61B00267430 /* Project object */ = {
			isa = PBXProject;
			attributes = {
				LastSwiftUpdateCheck = 0940;
				LastUpgradeCheck = 0940;
				ORGANIZATIONNAME = "Maho Misumi";
				TargetAttributes = {
					EE854C1E2138E61B00267430 = {
						CreatedOnToolsVersion = 9.4.1;
					};
					EE854C322138E61D00267430 = {
						CreatedOnToolsVersion = 9.4.1;
						TestTargetID = EE854C1E2138E61B00267430;
					};
					EE854C3D2138E61D00267430 = {
						CreatedOnToolsVersion = 9.4.1;
						TestTargetID = EE854C1E2138E61B00267430;
					};
				};
			};
			buildConfigurationList = EE854C1A2138E61B00267430 /* Build configuration list for PBXProject "Quiz" */;
			compatibilityVersion = "Xcode 9.3";
			developmentRegion = en;
			hasScannedForEncodings = 0;
			knownRegions = (
				en,
				Base,
			);
			mainGroup = EE854C162138E61B00267430;
			productRefGroup = EE854C202138E61B00267430 /* Products */;
			projectDirPath = "";
			projectRoot = "";
			targets = (
				EE854C1E2138E61B00267430 /* Quiz */,
				EE854C322138E61D00267430 /* QuizTests */,
				EE854C3D2138E61D00267430 /* QuizUITests */,
			);
		};
/* End PBXProject section */

/* Begin PBXResourcesBuildPhase section */
		EE854C1D2138E61B00267430 /* Resources */ = {
			isa = PBXResourcesBuildPhase;
			buildActionMask = 2147483647;
			files = (
				EE854C2D2138E61D00267430 /* LaunchScreen.storyboard in Resources */,
				EE854C2A2138E61D00267430 /* Assets.xcassets in Resources */,
				EE854C282138E61B00267430 /* Main.storyboard in Resources */,
			);
			runOnlyForDeploymentPostprocessing = 0;
		};
		EE854C312138E61D00267430 /* Resources */ = {
			isa = PBXResourcesBuildPhase;
			buildActionMask = 2147483647;
			files = (
			);
			runOnlyForDeploymentPostprocessing = 0;
		};
		EE854C3C2138E61D00267430 /* Resources */ = {
			isa = PBXResourcesBuildPhase;
			buildActionMask = 2147483647;
			files = (
			);
			runOnlyForDeploymentPostprocessing = 0;
		};
/* End PBXResourcesBuildPhase section */

/* Begin PBXSourcesBuildPhase section */
		EE854C1B2138E61B00267430 /* Sources */ = {
			isa = PBXSourcesBuildPhase;
			buildActionMask = 2147483647;
			files = (
				EE854C512138E66400267430 /* QuizViewController.swift in Sources */,
				EE854C252138E61B00267430 /* ViewController.swift in Sources */,
				EE854C232138E61B00267430 /* AppDelegate.swift in Sources */,
				EE77AB622144D91200A4F960 /* resultViewController.swift in Sources */,
			);
			runOnlyForDeploymentPostprocessing = 0;
		};
		EE854C2F2138E61D00267430 /* Sources */ = {
			isa = PBXSourcesBuildPhase;
			buildActionMask = 2147483647;
			files = (
				EE854C382138E61D00267430 /* QuizTests.swift in Sources */,
			);
			runOnlyForDeploymentPostprocessing = 0;
		};
		EE854C3A2138E61D00267430 /* Sources */ = {
			isa = PBXSourcesBuildPhase;
			buildActionMask = 2147483647;
			files = (
				EE854C432138E61D00267430 /* QuizUITests.swift in Sources */,
			);
			runOnlyForDeploymentPostprocessing = 0;
		};
/* End PBXSourcesBuildPhase section */

/* Begin PBXTargetDependency section */
		EE854C352138E61D00267430 /* PBXTargetDependency */ = {
			isa = PBXTargetDependency;
			target = EE854C1E2138E61B00267430 /* Quiz */;
			targetProxy = EE854C342138E61D00267430 /* PBXContainerItemProxy */;
		};
		EE854C402138E61D00267430 /* PBXTargetDependency */ = {
			isa = PBXTargetDependency;
			target = EE854C1E2138E61B00267430 /* Quiz */;
			targetProxy = EE854C3F2138E61D00267430 /* PBXContainerItemProxy */;
		};
/* End PBXTargetDependency section */

/* Begin PBXVariantGroup section */
		EE854C262138E61B00267430 /* Main.storyboard */ = {
			isa = PBXVariantGroup;
			children = (
				EE854C272138E61B00267430 /* Base */,
			);
			name = Main.storyboard;
			sourceTree = "<group>";
		};
		EE854C2B2138E61D00267430 /* LaunchScreen.storyboard */ = {
			isa = PBXVariantGroup;
			children = (
				EE854C2C2138E61D00267430 /* Base */,
			);
			name = LaunchScreen.storyboard;
			sourceTree = "<group>";
		};
/* End PBXVariantGroup section */

/* Begin XCBuildConfiguration section */
		EE854C452138E61D00267430 /* Debug */ = {
			isa = XCBuildConfiguration;
			buildSettings = {
				ALWAYS_SEARCH_USER_PATHS = NO;
				CLANG_ANALYZER_NONNULL = YES;
				CLANG_ANALYZER_NUMBER_OBJECT_CONVERSION = YES_AGGRESSIVE;
				CLANG_CXX_LANGUAGE_STANDARD = "gnu++14";
				CLANG_CXX_LIBRARY = "libc++";
				CLANG_ENABLE_MODULES = YES;
				CLANG_ENABLE_OBJC_ARC = YES;
				CLANG_ENABLE_OBJC_WEAK = YES;
				CLANG_WARN_BLOCK_CAPTURE_AUTORELEASING = YES;
				CLANG_WARN_BOOL_CONVERSION = YES;
				CLANG_WARN_COMMA = YES;
				CLANG_WARN_CONSTANT_CONVERSION = YES;
				CLANG_WARN_DEPRECATED_OBJC_IMPLEMENTATIONS = YES;
				CLANG_WARN_DIRECT_OBJC_ISA_USAGE = YES_ERROR;
				CLANG_WARN_DOCUMENTATION_COMMENTS = YES;
				CLANG_WARN_EMPTY_BODY = YES;
				CLANG_WARN_ENUM_CONVERSION = YES;
				CLANG_WARN_INFINITE_RECURSION = YES;
				CLANG_WARN_INT_CONVERSION = YES;
				CLANG_WARN_NON_LITERAL_NULL_CONVERSION = YES;
				CLANG_WARN_OBJC_IMPLICIT_RETAIN_SELF = YES;
				CLANG_WARN_OBJC_LITERAL_CONVERSION = YES;
				CLANG_WARN_OBJC_ROOT_CLASS = YES_ERROR;
				CLANG_WARN_RANGE_LOOP_ANALYSIS = YES;
				CLANG_WARN_STRICT_PROTOTYPES = YES;
				CLANG_WARN_SUSPICIOUS_MOVE = YES;
				CLANG_WARN_UNGUARDED_AVAILABILITY = YES_AGGRESSIVE;
				CLANG_WARN_UNREACHABLE_CODE = YES;
				CLANG_WARN__DUPLICATE_METHOD_MATCH = YES;
				CODE_SIGN_IDENTITY = "iPhone Developer";
				COPY_PHASE_STRIP = NO;
				DEBUG_INFORMATION_FORMAT = dwarf;
				ENABLE_STRICT_OBJC_MSGSEND = YES;
				ENABLE_TESTABILITY = YES;
				GCC_C_LANGUAGE_STANDARD = gnu11;
				GCC_DYNAMIC_NO_PIC = NO;
				GCC_NO_COMMON_BLOCKS = YES;
				GCC_OPTIMIZATION_LEVEL = 0;
				GCC_PREPROCESSOR_DEFINITIONS = (
					"DEBUG=1",
					"$(inherited)",
				);
				GCC_WARN_64_TO_32_BIT_CONVERSION = YES;
				GCC_WARN_ABOUT_RETURN_TYPE = YES_ERROR;
				GCC_WARN_UNDECLARED_SELECTOR = YES;
				GCC_WARN_UNINITIALIZED_AUTOS = YES_AGGRESSIVE;
				GCC_WARN_UNUSED_FUNCTION = YES;
				GCC_WARN_UNUSED_VARIABLE = YES;
				IPHONEOS_DEPLOYMENT_TARGET = 11.4;
				MTL_ENABLE_DEBUG_INFO = YES;
				ONLY_ACTIVE_ARCH = YES;
				SDKROOT = iphoneos;
				SWIFT_ACTIVE_COMPILATION_CONDITIONS = DEBUG;
				SWIFT_OPTIMIZATION_LEVEL = "-Onone";
			};
			name = Debug;
		};
		EE854C462138E61D00267430 /* Release */ = {
			isa = XCBuildConfiguration;
			buildSettings = {
				ALWAYS_SEARCH_USER_PATHS = NO;
				CLANG_ANALYZER_NONNULL = YES;
				CLANG_ANALYZER_NUMBER_OBJECT_CONVERSION = YES_AGGRESSIVE;
				CLANG_CXX_LANGUAGE_STANDARD = "gnu++14";
				CLANG_CXX_LIBRARY = "libc++";
				CLANG_ENABLE_MODULES = YES;
				CLANG_ENABLE_OBJC_ARC = YES;
				CLANG_ENABLE_OBJC_WEAK = YES;
				CLANG_WARN_BLOCK_CAPTURE_AUTORELEASING = YES;
				CLANG_WARN_BOOL_CONVERSION = YES;
				CLANG_WARN_COMMA = YES;
				CLANG_WARN_CONSTANT_CONVERSION = YES;
				CLANG_WARN_DEPRECATED_OBJC_IMPLEMENTATIONS = YES;
				CLANG_WARN_DIRECT_OBJC_ISA_USAGE = YES_ERROR;
				CLANG_WARN_DOCUMENTATION_COMMENTS = YES;
				CLANG_WARN_EMPTY_BODY = YES;
				CLANG_WARN_ENUM_CONVERSION = YES;
				CLANG_WARN_INFINITE_RECURSION = YES;
				CLANG_WARN_INT_CONVERSION = YES;
				CLANG_WARN_NON_LITERAL_NULL_CONVERSION = YES;
				CLANG_WARN_OBJC_IMPLICIT_RETAIN_SELF = YES;
				CLANG_WARN_OBJC_LITERAL_CONVERSION = YES;
				CLANG_WARN_OBJC_ROOT_CLASS = YES_ERROR;
				CLANG_WARN_RANGE_LOOP_ANALYSIS = YES;
				CLANG_WARN_STRICT_PROTOTYPES = YES;
				CLANG_WARN_SUSPICIOUS_MOVE = YES;
				CLANG_WARN_UNGUARDED_AVAILABILITY = YES_AGGRESSIVE;
				CLANG_WARN_UNREACHABLE_CODE = YES;
				CLANG_WARN__DUPLICATE_METHOD_MATCH = YES;
				CODE_SIGN_IDENTITY = "iPhone Developer";
				COPY_PHASE_STRIP = NO;
				DEBUG_INFORMATION_FORMAT = "dwarf-with-dsym";
				ENABLE_NS_ASSERTIONS = NO;
				ENABLE_STRICT_OBJC_MSGSEND = YES;
				GCC_C_LANGUAGE_STANDARD = gnu11;
				GCC_NO_COMMON_BLOCKS = YES;
				GCC_WARN_64_TO_32_BIT_CONVERSION = YES;
				GCC_WARN_ABOUT_RETURN_TYPE = YES_ERROR;
				GCC_WARN_UNDECLARED_SELECTOR = YES;
				GCC_WARN_UNINITIALIZED_AUTOS = YES_AGGRESSIVE;
				GCC_WARN_UNUSED_FUNCTION = YES;
				GCC_WARN_UNUSED_VARIABLE = YES;
				IPHONEOS_DEPLOYMENT_TARGET = 11.4;
				MTL_ENABLE_DEBUG_INFO = NO;
				SDKROOT = iphoneos;
				SWIFT_COMPILATION_MODE = wholemodule;
				SWIFT_OPTIMIZATION_LEVEL = "-O";
				VALIDATE_PRODUCT = YES;
			};
			name = Release;
		};
		EE854C482138E61D00267430 /* Debug */ = {
			isa = XCBuildConfiguration;
			buildSettings = {
				ASSETCATALOG_COMPILER_APPICON_NAME = AppIcon;
				CODE_SIGN_STYLE = Automatic;
				INFOPLIST_FILE = Quiz/Info.plist;
				LD_RUNPATH_SEARCH_PATHS = (
					"$(inherited)",
					"@executable_path/Frameworks",
				);
				PRODUCT_BUNDLE_IDENTIFIER = maho.Quiz;
				PRODUCT_NAME = "$(TARGET_NAME)";
				SWIFT_VERSION = 4.0;
				TARGETED_DEVICE_FAMILY = "1,2";
			};
			name = Debug;
		};
		EE854C492138E61D00267430 /* Release */ = {
			isa = XCBuildConfiguration;
			buildSettings = {
				ASSETCATALOG_COMPILER_APPICON_NAME = AppIcon;
				CODE_SIGN_STYLE = Automatic;
				INFOPLIST_FILE = Quiz/Info.plist;
				LD_RUNPATH_SEARCH_PATHS = (
					"$(inherited)",
					"@executable_path/Frameworks",
				);
				PRODUCT_BUNDLE_IDENTIFIER = maho.Quiz;
				PRODUCT_NAME = "$(TARGET_NAME)";
				SWIFT_VERSION = 4.0;
				TARGETED_DEVICE_FAMILY = "1,2";
			};
			name = Release;
		};
		EE854C4B2138E61D00267430 /* Debug */ = {
			isa = XCBuildConfiguration;
			buildSettings = {
				ALWAYS_EMBED_SWIFT_STANDARD_LIBRARIES = YES;
				BUNDLE_LOADER = "$(TEST_HOST)";
				CODE_SIGN_STYLE = Automatic;
				INFOPLIST_FILE = QuizTests/Info.plist;
				LD_RUNPATH_SEARCH_PATHS = (
					"$(inherited)",
					"@executable_path/Frameworks",
					"@loader_path/Frameworks",
				);
				PRODUCT_BUNDLE_IDENTIFIER = maho.QuizTests;
				PRODUCT_NAME = "$(TARGET_NAME)";
				SWIFT_VERSION = 4.0;
				TARGETED_DEVICE_FAMILY = "1,2";
				TEST_HOST = "$(BUILT_PRODUCTS_DIR)/Quiz.app/Quiz";
			};
			name = Debug;
		};
		EE854C4C2138E61D00267430 /* Release */ = {
			isa = XCBuildConfiguration;
			buildSettings = {
				ALWAYS_EMBED_SWIFT_STANDARD_LIBRARIES = YES;
				BUNDLE_LOADER = "$(TEST_HOST)";
				CODE_SIGN_STYLE = Automatic;
				INFOPLIST_FILE = QuizTests/Info.plist;
				LD_RUNPATH_SEARCH_PATHS = (
					"$(inherited)",
					"@executable_path/Frameworks",
					"@loader_path/Frameworks",
				);
				PRODUCT_BUNDLE_IDENTIFIER = maho.QuizTests;
				PRODUCT_NAME = "$(TARGET_NAME)";
				SWIFT_VERSION = 4.0;
				TARGETED_DEVICE_FAMILY = "1,2";
				TEST_HOST = "$(BUILT_PRODUCTS_DIR)/Quiz.app/Quiz";
			};
			name = Release;
		};
		EE854C4E2138E61D00267430 /* Debug */ = {
			isa = XCBuildConfiguration;
			buildSettings = {
				ALWAYS_EMBED_SWIFT_STANDARD_LIBRARIES = YES;
				CODE_SIGN_STYLE = Automatic;
				INFOPLIST_FILE = QuizUITests/Info.plist;
				LD_RUNPATH_SEARCH_PATHS = (
					"$(inherited)",
					"@executable_path/Frameworks",
					"@loader_path/Frameworks",
				);
				PRODUCT_BUNDLE_IDENTIFIER = maho.QuizUITests;
				PRODUCT_NAME = "$(TARGET_NAME)";
				SWIFT_VERSION = 4.0;
				TARGETED_DEVICE_FAMILY = "1,2";
				TEST_TARGET_NAME = Quiz;
			};
			name = Debug;
		};
		EE854C4F2138E61D00267430 /* Release */ = {
			isa = XCBuildConfiguration;
			buildSettings = {
				ALWAYS_EMBED_SWIFT_STANDARD_LIBRARIES = YES;
				CODE_SIGN_STYLE = Automatic;
				INFOPLIST_FILE = QuizUITests/Info.plist;
				LD_RUNPATH_SEARCH_PATHS = (
					"$(inherited)",
					"@executable_path/Frameworks",
					"@loader_path/Frameworks",
				);
				PRODUCT_BUNDLE_IDENTIFIER = maho.QuizUITests;
				PRODUCT_NAME = "$(TARGET_NAME)";
				SWIFT_VERSION = 4.0;
				TARGETED_DEVICE_FAMILY = "1,2";
				TEST_TARGET_NAME = Quiz;
			};
			name = Release;
		};
/* End XCBuildConfiguration section */

/* Begin XCConfigurationList section */
		EE854C1A2138E61B00267430 /* Build configuration list for PBXProject "Quiz" */ = {
			isa = XCConfigurationList;
			buildConfigurations = (
				EE854C452138E61D00267430 /* Debug */,
				EE854C462138E61D00267430 /* Release */,
			);
			defaultConfigurationIsVisible = 0;
			defaultConfigurationName = Release;
		};
		EE854C472138E61D00267430 /* Build configuration list for PBXNativeTarget "Quiz" */ = {
			isa = XCConfigurationList;
			buildConfigurations = (
				EE854C482138E61D00267430 /* Debug */,
				EE854C492138E61D00267430 /* Release */,
			);
			defaultConfigurationIsVisible = 0;
			defaultConfigurationName = Release;
		};
		EE854C4A2138E61D00267430 /* Build configuration list for PBXNativeTarget "QuizTests" */ = {
			isa = XCConfigurationList;
			buildConfigurations = (
				EE854C4B2138E61D00267430 /* Debug */,
				EE854C4C2138E61D00267430 /* Release */,
			);
			defaultConfigurationIsVisible = 0;
			defaultConfigurationName = Release;
		};
		EE854C4D2138E61D00267430 /* Build configuration list for PBXNativeTarget "QuizUITests" */ = {
			isa = XCConfigurationList;
			buildConfigurations = (
				EE854C4E2138E61D00267430 /* Debug */,
				EE854C4F2138E61D00267430 /* Release */,
			);
			defaultConfigurationIsVisible = 0;
			defaultConfigurationName = Release;
		};
/* End XCConfigurationList section */
	};
	rootObject = EE854C172138E61B00267430 /* Project object */;
}
